
Microsoft Visual Studio Solution File, Format Version 12.00
# Visual Studio Version 17
VisualStudioVersion = 17.1.32319.34
MinimumVisualStudioVersion = 10.0.40219.1
Project("{FAE04EC0-301F-11D3-BF4B-00C04F79EFBC}") = "drehendz.Android", "drehendz\drehendz.Android\drehendz.Android.csproj", "{0D52576C-B890-4036-8B7F-7390737C9593}"
EndProject
Project("{FAE04EC0-301F-11D3-BF4B-00C04F79EFBC}") = "drehendz.iOS", "drehendz\drehendz.iOS\drehendz.iOS.csproj", "{D6961C2A-CCCD-4A63-BD92-C235048277F1}"
EndProject
Project("{FAE04EC0-301F-11D3-BF4B-00C04F79EFBC}") = "drehendz", "drehendz\drehendz\drehendz.csproj", "{56415AF7-9BF1-4123-980F-A9948B5B421F}"
EndProject
Global
	GlobalSection(SolutionConfigurationPlatforms) = preSolution
		Debug|Any CPU = Debug|Any CPU
		Debug|iPhone = Debug|iPhone
		Debug|iPhoneSimulator = Debug|iPhoneSimulator
		Release|Any CPU = Release|Any CPU
		Release|iPhone = Release|iPhone
		Release|iPhoneSimulator = Release|iPhoneSimulator
	EndGlobalSection
	GlobalSection(ProjectConfigurationPlatforms) = postSolution
		{0D52576C-B890-4036-8B7F-7390737C9593}.Debug|Any CPU.ActiveCfg = Debug|Any CPU
		{0D52576C-B890-4036-8B7F-7390737C9593}.Debug|Any CPU.Build.0 = Debug|Any CPU
		{0D52576C-B890-4036-8B7F-7390737C9593}.Debug|Any CPU.Deploy.0 = Debug|Any CPU
		{0D52576C-B890-4036-8B7F-7390737C9593}.Debug|iPhone.ActiveCfg = Debug|Any CPU
		{0D52576C-B890-4036-8B7F-7390737C9593}.Debug|iPhone.Build.0 = Debug|Any CPU
		{0D52576C-B890-4036-8B7F-7390737C9593}.Debug|iPhone.Deploy.0 = Debug|Any CPU
		{0D52576C-B890-4036-8B7F-7390737C9593}.Debug|iPhoneSimulator.ActiveCfg = Debug|Any CPU
		{0D52576C-B890-4036-8B7F-7390737C9593}.Debug|iPhoneSimulator.Build.0 = Debug|Any CPU
		{0D52576C-B890-4036-8B7F-7390737C9593}.Debug|iPhoneSimulator.Deploy.0 = Debug|Any CPU
		{0D52576C-B890-4036-8B7F-7390737C9593}.Release|Any CPU.ActiveCfg = Release|Any CPU
		{0D52576C-B890-4036-8B7F-7390737C9593}.Release|Any CPU.Build.0 = Release|Any CPU
		{0D52576C-B890-4036-8B7F-7390737C9593}.Release|Any CPU.Deploy.0 = Release|Any CPU
		{0D52576C-B890-4036-8B7F-7390737C9593}.Release|iPhone.ActiveCfg = Release|Any CPU
		{0D52576C-B890-4036-8B7F-7390737C9593}.Release|iPhone.Build.0 = Release|Any CPU
		{0D52576C-B890-4036-8B7F-7390737C9593}.Release|iPhone.Deploy.0 = Release|Any CPU
		{0D52576C-B890-4036-8B7F-7390737C9593}.Release|iPhoneSimulator.ActiveCfg = Release|Any CPU
		{0D52576C-B890-4036-8B7F-7390737C9593}.Release|iPhoneSimulator.Build.0 = Release|Any CPU
		{0D52576C-B890-4036-8B7F-7390737C9593}.Release|iPhoneSimulator.Deploy.0 = Release|Any CPU
		{D6961C2A-CCCD-4A63-BD92-C235048277F1}.Debug|Any CPU.ActiveCfg = Debug|iPhone
		{D6961C2A-CCCD-4A63-BD92-C235048277F1}.Debug|Any CPU.Build.0 = Debug|iPhone
		{D6961C2A-CCCD-4A63-BD92-C235048277F1}.Debug|Any CPU.Deploy.0 = Debug|iPhone
		{D6961C2A-CCCD-4A63-BD92-C235048277F1}.Debug|iPhone.ActiveCfg = Debug|iPhone
		{D6961C2A-CCCD-4A63-BD92-C235048277F1}.Debug|iPhone.Build.0 = Debug|iPhone
		{D6961C2A-CCCD-4A63-BD92-C235048277F1}.Debug|iPhone.Deploy.0 = Debug|iPhone
		{D6961C2A-CCCD-4A63-BD92-C235048277F1}.Debug|iPhoneSimulator.ActiveCfg = Debug|iPhoneSimulator
		{D6961C2A-CCCD-4A63-BD92-C235048277F1}.Debug|iPhoneSimulator.Build.0 = Debug|iPhoneSimulator
		{D6961C2A-CCCD-4A63-BD92-C235048277F1}.Debug|iPhoneSimulator.Deploy.0 = Debug|iPhoneSimulator
		{D6961C2A-CCCD-4A63-BD92-C235048277F1}.Release|Any CPU.ActiveCfg = Release|iPhoneSimulator
		{D6961C2A-CCCD-4A63-BD92-C235048277F1}.Release|Any CPU.Build.0 = Release|iPhoneSimulator
		{D6961C2A-CCCD-4A63-BD92-C235048277F1}.Release|Any CPU.Deploy.0 = Release|iPhoneSimulator
		{D6961C2A-CCCD-4A63-BD92-C235048277F1}.Release|iPhone.ActiveCfg = Release|iPhone
		{D6961C2A-CCCD-4A63-BD92-C235048277F1}.Release|iPhone.Build.0 = Release|iPhone
		{D6961C2A-CCCD-4A63-BD92-C235048277F1}.Release|iPhone.Deploy.0 = Release|iPhone
		{D6961C2A-CCCD-4A63-BD92-C235048277F1}.Release|iPhoneSimulator.ActiveCfg = Release|iPhoneSimulator
		{D6961C2A-CCCD-4A63-BD92-C235048277F1}.Release|iPhoneSimulator.Build.0 = Release|iPhoneSimulator
		{D6961C2A-CCCD-4A63-BD92-C235048277F1}.Release|iPhoneSimulator.Deploy.0 = Release|iPhoneSimulator
		{56415AF7-9BF1-4123-980F-A9948B5B421F}.Debug|Any CPU.ActiveCfg = Debug|Any CPU
		{56415AF7-9BF1-4123-980F-A9948B5B421F}.Debug|Any CPU.Build.0 = Debug|Any CPU
		{56415AF7-9BF1-4123-980F-A9948B5B421F}.Debug|Any CPU.Deploy.0 = Debug|Any CPU
		{56415AF7-9BF1-4123-980F-A9948B5B421F}.Debug|iPhone.ActiveCfg = Debug|Any CPU
		{56415AF7-9BF1-4123-980F-A9948B5B421F}.Debug|iPhone.Build.0 = Debug|Any CPU
		{56415AF7-9BF1-4123-980F-A9948B5B421F}.Debug|iPhone.Deploy.0 = Debug|Any CPU
		{56415AF7-9BF1-4123-980F-A9948B5B421F}.Debug|iPhoneSimulator.ActiveCfg = Debug|Any CPU
		{56415AF7-9BF1-4123-980F-A9948B5B421F}.Debug|iPhoneSimulator.Build.0 = Debug|Any CPU
		{56415AF7-9BF1-4123-980F-A9948B5B421F}.Debug|iPhoneSimulator.Deploy.0 = Debug|Any CPU
		{56415AF7-9BF1-4123-980F-A9948B5B421F}.Release|Any CPU.ActiveCfg = Release|Any CPU
		{56415AF7-9BF1-4123-980F-A9948B5B421F}.Release|Any CPU.Build.0 = Release|Any CPU
		{56415AF7-9BF1-4123-980F-A9948B5B421F}.Release|Any CPU.Deploy.0 = Release|Any CPU
		{56415AF7-9BF1-4123-980F-A9948B5B421F}.Release|iPhone.ActiveCfg = Release|Any CPU
		{56415AF7-9BF1-4123-980F-A9948B5B421F}.Release|iPhone.Build.0 = Release|Any CPU
		{56415AF7-9BF1-4123-980F-A9948B5B421F}.Release|iPhone.Deploy.0 = Release|Any CPU
		{56415AF7-9BF1-4123-980F-A9948B5B421F}.Release|iPhoneSimulator.ActiveCfg = Release|Any CPU
		{56415AF7-9BF1-4123-980F-A9948B5B421F}.Release|iPhoneSimulator.Build.0 = Release|Any CPU
		{56415AF7-9BF1-4123-980F-A9948B5B421F}.Release|iPhoneSimulator.Deploy.0 = Release|Any CPU
	EndGlobalSection
	GlobalSection(SolutionProperties) = preSolution
		HideSolutionNode = FALSE
	EndGlobalSection
	GlobalSection(ExtensibilityGlobals) = postSolution
		SolutionGuid = {8BF3FA4A-B69C-453F-B495-31C76BA88327}
	EndGlobalSection
EndGlobal
